// !$*UTF8*$!
{
	archiveVersion = 1;
	classes = {
	};
	objectVersion = 56;
	objects = {

/* Begin PBXBuildFile section */
		5D516AD72A6951BF002DD4EE /* ViewController.swift in Sources */ = {isa = PBXBuildFile; fileRef = 5D516AD62A6951BF002DD4EE /* ViewController.swift */; };
		5D516ADA2A6951BF002DD4EE /* Main.storyboard in Resources */ = {isa = PBXBuildFile; fileRef = 5D516AD82A6951BF002DD4EE /* Main.storyboard */; };
		5D516ADC2A6951BF002DD4EE /* Assets.xcassets in Resources */ = {isa = PBXBuildFile; fileRef = 5D516ADB2A6951BF002DD4EE /* Assets.xcassets */; };
		5D516ADF2A6951BF002DD4EE /* LaunchScreen.storyboard in Resources */ = {isa = PBXBuildFile; fileRef = 5D516ADD2A6951BF002DD4EE /* LaunchScreen.storyboard */; };
		5DCBC74A2A6A6C0000D52C68 /* AlbumListContracts.swift in Sources */ = {isa = PBXBuildFile; fileRef = 5DCBC7492A6A6C0000D52C68 /* AlbumListContracts.swift */; };
		5DCBC74C2A6A793E00D52C68 /* AlbumList.storyboard in Resources */ = {isa = PBXBuildFile; fileRef = 5DCBC74B2A6A793E00D52C68 /* AlbumList.storyboard */; };
		5DCBC74E2A6A79BF00D52C68 /* AlbumListView.swift in Sources */ = {isa = PBXBuildFile; fileRef = 5DCBC74D2A6A79BF00D52C68 /* AlbumListView.swift */; };
		5DCBC7502A6A7E4200D52C68 /* AlbumListViewController.swift in Sources */ = {isa = PBXBuildFile; fileRef = 5DCBC74F2A6A7E4200D52C68 /* AlbumListViewController.swift */; };
		5DCBC7522A6A84C100D52C68 /* AlbumPresentation.swift in Sources */ = {isa = PBXBuildFile; fileRef = 5DCBC7512A6A84C100D52C68 /* AlbumPresentation.swift */; };
		5DCBC7552A6A8C8F00D52C68 /* AppDelegate.swift in Sources */ = {isa = PBXBuildFile; fileRef = 5DCBC7542A6A8C8F00D52C68 /* AppDelegate.swift */; };
		5DCBC7572A6A8D1000D52C68 /* AppContainer.swift in Sources */ = {isa = PBXBuildFile; fileRef = 5DCBC7562A6A8D1000D52C68 /* AppContainer.swift */; };
		5DCBC7592A6A8D4800D52C68 /* AppRouter.swift in Sources */ = {isa = PBXBuildFile; fileRef = 5DCBC7582A6A8D4800D52C68 /* AppRouter.swift */; };
		5DCBC75B2A6A8F2A00D52C68 /* AlbumListBuilder.swift in Sources */ = {isa = PBXBuildFile; fileRef = 5DCBC75A2A6A8F2A00D52C68 /* AlbumListBuilder.swift */; };
		5DCBC7A42A6E9E1200D52C68 /* AlbumDetailView.swift in Sources */ = {isa = PBXBuildFile; fileRef = 5DCBC79C2A6E9E1200D52C68 /* AlbumDetailView.swift */; };
		5DCBC7A52A6E9E1200D52C68 /* AlbumDetailBuilder.swift in Sources */ = {isa = PBXBuildFile; fileRef = 5DCBC79D2A6E9E1200D52C68 /* AlbumDetailBuilder.swift */; };
		5DCBC7A62A6E9E1200D52C68 /* AlbumDetailContracts.swift in Sources */ = {isa = PBXBuildFile; fileRef = 5DCBC79E2A6E9E1200D52C68 /* AlbumDetailContracts.swift */; };
		5DCBC7A72A6E9E1200D52C68 /* AlbumDetail.storyboard in Resources */ = {isa = PBXBuildFile; fileRef = 5DCBC79F2A6E9E1200D52C68 /* AlbumDetail.storyboard */; };
		5DCBC7A82A6E9E1200D52C68 /* AlbumDetailPresentation.swift in Sources */ = {isa = PBXBuildFile; fileRef = 5DCBC7A02A6E9E1200D52C68 /* AlbumDetailPresentation.swift */; };
		5DCBC7A92A6E9E1200D52C68 /* AlbumDetailViewController.swift in Sources */ = {isa = PBXBuildFile; fileRef = 5DCBC7A12A6E9E1200D52C68 /* AlbumDetailViewController.swift */; };
		7E184DFC2A69734000DB0362 /* MovieBoxAPI.framework in Frameworks */ = {isa = PBXBuildFile; fileRef = 7E184DFB2A69734000DB0362 /* MovieBoxAPI.framework */; };
		7E184DFD2A69734000DB0362 /* MovieBoxAPI.framework in Embed Frameworks */ = {isa = PBXBuildFile; fileRef = 7E184DFB2A69734000DB0362 /* MovieBoxAPI.framework */; settings = {ATTRIBUTES = (CodeSignOnCopy, RemoveHeadersOnCopy, ); }; };
/* End PBXBuildFile section */

/* Begin PBXContainerItemProxy section */
		7E184E082A69742700DB0362 /* PBXContainerItemProxy */ = {
			isa = PBXContainerItemProxy;
			containerPortal = 7E184E032A69742700DB0362 /* MovieBoxAPI.xcodeproj */;
			proxyType = 2;
			remoteGlobalIDString = 7E184DE12A6972D500DB0362;
			remoteInfo = MovieBoxAPI;
		};
		7E184E0A2A69742700DB0362 /* PBXContainerItemProxy */ = {
			isa = PBXContainerItemProxy;
			containerPortal = 7E184E032A69742700DB0362 /* MovieBoxAPI.xcodeproj */;
			proxyType = 2;
			remoteGlobalIDString = 7E184DEB2A6972D500DB0362;
			remoteInfo = MovieBoxAPITests;
		};
/* End PBXContainerItemProxy section */

/* Begin PBXCopyFilesBuildPhase section */
		5D516B192A6953DA002DD4EE /* Embed Frameworks */ = {
			isa = PBXCopyFilesBuildPhase;
			buildActionMask = 2147483647;
			dstPath = "";
			dstSubfolderSpec = 10;
			files = (
				7E184DFD2A69734000DB0362 /* MovieBoxAPI.framework in Embed Frameworks */,
			);
			name = "Embed Frameworks";
			runOnlyForDeploymentPostprocessing = 0;
		};
/* End PBXCopyFilesBuildPhase section */

/* Begin PBXFileReference section */
		5D516ACF2A6951BF002DD4EE /* MovieBox.app */ = {isa = PBXFileReference; explicitFileType = wrapper.application; includeInIndex = 0; path = MovieBox.app; sourceTree = BUILT_PRODUCTS_DIR; };
		5D516AD62A6951BF002DD4EE /* ViewController.swift */ = {isa = PBXFileReference; lastKnownFileType = sourcecode.swift; path = ViewController.swift; sourceTree = "<group>"; };
		5D516AD92A6951BF002DD4EE /* Base */ = {isa = PBXFileReference; lastKnownFileType = file.storyboard; name = Base; path = Base.lproj/Main.storyboard; sourceTree = "<group>"; };
		5D516ADB2A6951BF002DD4EE /* Assets.xcassets */ = {isa = PBXFileReference; lastKnownFileType = folder.assetcatalog; path = Assets.xcassets; sourceTree = "<group>"; };
		5D516ADE2A6951BF002DD4EE /* Base */ = {isa = PBXFileReference; lastKnownFileType = file.storyboard; name = Base; path = Base.lproj/LaunchScreen.storyboard; sourceTree = "<group>"; };
		5D516AE02A6951BF002DD4EE /* Info.plist */ = {isa = PBXFileReference; lastKnownFileType = text.plist.xml; path = Info.plist; sourceTree = "<group>"; };
		5DCBC7492A6A6C0000D52C68 /* AlbumListContracts.swift */ = {isa = PBXFileReference; lastKnownFileType = sourcecode.swift; path = AlbumListContracts.swift; sourceTree = "<group>"; };
		5DCBC74B2A6A793E00D52C68 /* AlbumList.storyboard */ = {isa = PBXFileReference; lastKnownFileType = file.storyboard; path = AlbumList.storyboard; sourceTree = "<group>"; };
		5DCBC74D2A6A79BF00D52C68 /* AlbumListView.swift */ = {isa = PBXFileReference; lastKnownFileType = sourcecode.swift; path = AlbumListView.swift; sourceTree = "<group>"; };
		5DCBC74F2A6A7E4200D52C68 /* AlbumListViewController.swift */ = {isa = PBXFileReference; lastKnownFileType = sourcecode.swift; path = AlbumListViewController.swift; sourceTree = "<group>"; };
		5DCBC7512A6A84C100D52C68 /* AlbumPresentation.swift */ = {isa = PBXFileReference; lastKnownFileType = sourcecode.swift; path = AlbumPresentation.swift; sourceTree = "<group>"; };
		5DCBC7542A6A8C8F00D52C68 /* AppDelegate.swift */ = {isa = PBXFileReference; lastKnownFileType = sourcecode.swift; path = AppDelegate.swift; sourceTree = "<group>"; };
		5DCBC7562A6A8D1000D52C68 /* AppContainer.swift */ = {isa = PBXFileReference; lastKnownFileType = sourcecode.swift; path = AppContainer.swift; sourceTree = "<group>"; };
		5DCBC7582A6A8D4800D52C68 /* AppRouter.swift */ = {isa = PBXFileReference; lastKnownFileType = sourcecode.swift; path = AppRouter.swift; sourceTree = "<group>"; };
		5DCBC75A2A6A8F2A00D52C68 /* AlbumListBuilder.swift */ = {isa = PBXFileReference; lastKnownFileType = sourcecode.swift; path = AlbumListBuilder.swift; sourceTree = "<group>"; };
		5DCBC79C2A6E9E1200D52C68 /* AlbumDetailView.swift */ = {isa = PBXFileReference; fileEncoding = 4; lastKnownFileType = sourcecode.swift; path = AlbumDetailView.swift; sourceTree = "<group>"; };
		5DCBC79D2A6E9E1200D52C68 /* AlbumDetailBuilder.swift */ = {isa = PBXFileReference; fileEncoding = 4; lastKnownFileType = sourcecode.swift; path = AlbumDetailBuilder.swift; sourceTree = "<group>"; };
		5DCBC79E2A6E9E1200D52C68 /* AlbumDetailContracts.swift */ = {isa = PBXFileReference; fileEncoding = 4; lastKnownFileType = sourcecode.swift; path = AlbumDetailContracts.swift; sourceTree = "<group>"; };
		5DCBC79F2A6E9E1200D52C68 /* AlbumDetail.storyboard */ = {isa = PBXFileReference; fileEncoding = 4; lastKnownFileType = file.storyboard; path = AlbumDetail.storyboard; sourceTree = "<group>"; };
		5DCBC7A02A6E9E1200D52C68 /* AlbumDetailPresentation.swift */ = {isa = PBXFileReference; fileEncoding = 4; lastKnownFileType = sourcecode.swift; path = AlbumDetailPresentation.swift; sourceTree = "<group>"; };
		5DCBC7A12A6E9E1200D52C68 /* AlbumDetailViewController.swift */ = {isa = PBXFileReference; fileEncoding = 4; lastKnownFileType = sourcecode.swift; path = AlbumDetailViewController.swift; sourceTree = "<group>"; };
		7E184DFB2A69734000DB0362 /* MovieBoxAPI.framework */ = {isa = PBXFileReference; explicitFileType = wrapper.framework; path = MovieBoxAPI.framework; sourceTree = BUILT_PRODUCTS_DIR; };
		7E184E032A69742700DB0362 /* MovieBoxAPI.xcodeproj */ = {isa = PBXFileReference; lastKnownFileType = "wrapper.pb-project"; name = MovieBoxAPI.xcodeproj; path = ../MovieBoxAPI/MovieBoxAPI.xcodeproj; sourceTree = "<group>"; };
/* End PBXFileReference section */

/* Begin PBXFrameworksBuildPhase section */
		5D516ACC2A6951BF002DD4EE /* Frameworks */ = {
			isa = PBXFrameworksBuildPhase;
			buildActionMask = 2147483647;
			files = (
				7E184DFC2A69734000DB0362 /* MovieBoxAPI.framework in Frameworks */,
			);
			runOnlyForDeploymentPostprocessing = 0;
		};
/* End PBXFrameworksBuildPhase section */

/* Begin PBXGroup section */
		5D516AC62A6951BF002DD4EE = {
			isa = PBXGroup;
			children = (
				5D516AD12A6951BF002DD4EE /* MovieBox */,
				7E184E022A69741E00DB0362 /* Vendor */,
				5D516AD02A6951BF002DD4EE /* Products */,
				5D516B162A6953DA002DD4EE /* Frameworks */,
			);
			sourceTree = "<group>";
		};
		5D516AD02A6951BF002DD4EE /* Products */ = {
			isa = PBXGroup;
			children = (
				5D516ACF2A6951BF002DD4EE /* MovieBox.app */,
			);
			name = Products;
			sourceTree = "<group>";
		};
		5D516AD12A6951BF002DD4EE /* MovieBox */ = {
			isa = PBXGroup;
			children = (
				5DCBC7532A6A8C6E00D52C68 /* App */,
				5DCBC7452A6A6B9800D52C68 /* Scenes */,
				5D516AD62A6951BF002DD4EE /* ViewController.swift */,
				5D516AD82A6951BF002DD4EE /* Main.storyboard */,
				5D516ADB2A6951BF002DD4EE /* Assets.xcassets */,
				5D516ADD2A6951BF002DD4EE /* LaunchScreen.storyboard */,
				5D516AE02A6951BF002DD4EE /* Info.plist */,
			);
			path = MovieBox;
			sourceTree = "<group>";
		};
		5D516B162A6953DA002DD4EE /* Frameworks */ = {
			isa = PBXGroup;
			children = (
				7E184DFB2A69734000DB0362 /* MovieBoxAPI.framework */,
			);
			name = Frameworks;
			sourceTree = "<group>";
		};
		5DCBC7452A6A6B9800D52C68 /* Scenes */ = {
			isa = PBXGroup;
			children = (
				5DCBC79B2A6E9E1200D52C68 /* AlbumDetail */,
				5DCBC7482A6A6BBE00D52C68 /* AlbumList */,
			);
			path = Scenes;
			sourceTree = "<group>";
		};
		5DCBC7482A6A6BBE00D52C68 /* AlbumList */ = {
			isa = PBXGroup;
			children = (
				5DCBC7492A6A6C0000D52C68 /* AlbumListContracts.swift */,
				5DCBC74B2A6A793E00D52C68 /* AlbumList.storyboard */,
				5DCBC74D2A6A79BF00D52C68 /* AlbumListView.swift */,
				5DCBC74F2A6A7E4200D52C68 /* AlbumListViewController.swift */,
				5DCBC7512A6A84C100D52C68 /* AlbumPresentation.swift */,
				5DCBC75A2A6A8F2A00D52C68 /* AlbumListBuilder.swift */,
			);
			path = AlbumList;
			sourceTree = "<group>";
		};
		5DCBC7532A6A8C6E00D52C68 /* App */ = {
			isa = PBXGroup;
			children = (
				5DCBC7542A6A8C8F00D52C68 /* AppDelegate.swift */,
				5DCBC7562A6A8D1000D52C68 /* AppContainer.swift */,
				5DCBC7582A6A8D4800D52C68 /* AppRouter.swift */,
			);
			path = App;
			sourceTree = "<group>";
		};
		5DCBC79B2A6E9E1200D52C68 /* AlbumDetail */ = {
			isa = PBXGroup;
			children = (
				5DCBC79C2A6E9E1200D52C68 /* AlbumDetailView.swift */,
				5DCBC79D2A6E9E1200D52C68 /* AlbumDetailBuilder.swift */,
				5DCBC79E2A6E9E1200D52C68 /* AlbumDetailContracts.swift */,
				5DCBC79F2A6E9E1200D52C68 /* AlbumDetail.storyboard */,
				5DCBC7A02A6E9E1200D52C68 /* AlbumDetailPresentation.swift */,
				5DCBC7A12A6E9E1200D52C68 /* AlbumDetailViewController.swift */,
			);
			path = AlbumDetail;
			sourceTree = "<group>";
		};
		7E184E022A69741E00DB0362 /* Vendor */ = {
			isa = PBXGroup;
			children = (
				7E184E032A69742700DB0362 /* MovieBoxAPI.xcodeproj */,
			);
			name = Vendor;
			sourceTree = "<group>";
		};
		7E184E042A69742700DB0362 /* Products */ = {
			isa = PBXGroup;
			children = (
				7E184E092A69742700DB0362 /* MovieBoxAPI.framework */,
				7E184E0B2A69742700DB0362 /* MovieBoxAPITests.xctest */,
			);
			name = Products;
			sourceTree = "<group>";
		};
/* End PBXGroup section */

/* Begin PBXNativeTarget section */
		5D516ACE2A6951BF002DD4EE /* MovieBox */ = {
			isa = PBXNativeTarget;
			buildConfigurationList = 5D516AE32A6951BF002DD4EE /* Build configuration list for PBXNativeTarget "MovieBox" */;
			buildPhases = (
				5D516ACB2A6951BF002DD4EE /* Sources */,
				5D516ACC2A6951BF002DD4EE /* Frameworks */,
				5D516ACD2A6951BF002DD4EE /* Resources */,
				5D516B192A6953DA002DD4EE /* Embed Frameworks */,
			);
			buildRules = (
			);
			dependencies = (
			);
			name = MovieBox;
			productName = MovieBox;
			productReference = 5D516ACF2A6951BF002DD4EE /* MovieBox.app */;
			productType = "com.apple.product-type.application";
		};
/* End PBXNativeTarget section */

/* Begin PBXProject section */
		5D516AC72A6951BF002DD4EE /* Project object */ = {
			isa = PBXProject;
			attributes = {
				BuildIndependentTargetsInParallel = 1;
				LastSwiftUpdateCheck = 1430;
				LastUpgradeCheck = 1430;
				TargetAttributes = {
					5D516ACE2A6951BF002DD4EE = {
						CreatedOnToolsVersion = 14.3.1;
					};
				};
			};
			buildConfigurationList = 5D516ACA2A6951BF002DD4EE /* Build configuration list for PBXProject "MovieBox" */;
			compatibilityVersion = "Xcode 14.0";
			developmentRegion = en;
			hasScannedForEncodings = 0;
			knownRegions = (
				en,
				Base,
			);
			mainGroup = 5D516AC62A6951BF002DD4EE;
			productRefGroup = 5D516AD02A6951BF002DD4EE /* Products */;
			projectDirPath = "";
			projectReferences = (
				{
					ProductGroup = 7E184E042A69742700DB0362 /* Products */;
					ProjectRef = 7E184E032A69742700DB0362 /* MovieBoxAPI.xcodeproj */;
				},
			);
			projectRoot = "";
			targets = (
				5D516ACE2A6951BF002DD4EE /* MovieBox */,
			);
		};
/* End PBXProject section */

/* Begin PBXReferenceProxy section */
		7E184E092A69742700DB0362 /* MovieBoxAPI.framework */ = {
			isa = PBXReferenceProxy;
			fileType = wrapper.framework;
			path = MovieBoxAPI.framework;
			remoteRef = 7E184E082A69742700DB0362 /* PBXContainerItemProxy */;
			sourceTree = BUILT_PRODUCTS_DIR;
		};
		7E184E0B2A69742700DB0362 /* MovieBoxAPITests.xctest */ = {
			isa = PBXReferenceProxy;
			fileType = wrapper.cfbundle;
			path = MovieBoxAPITests.xctest;
			remoteRef = 7E184E0A2A69742700DB0362 /* PBXContainerItemProxy */;
			sourceTree = BUILT_PRODUCTS_DIR;
		};
/* End PBXReferenceProxy section */

/* Begin PBXResourcesBuildPhase section */
		5D516ACD2A6951BF002DD4EE /* Resources */ = {
			isa = PBXResourcesBuildPhase;
			buildActionMask = 2147483647;
			files = (
				5DCBC74C2A6A793E00D52C68 /* AlbumList.storyboard in Resources */,
				5DCBC7A72A6E9E1200D52C68 /* AlbumDetail.storyboard in Resources */,
				5D516ADF2A6951BF002DD4EE /* LaunchScreen.storyboard in Resources */,
				5D516ADC2A6951BF002DD4EE /* Assets.xcassets in Resources */,
				5D516ADA2A6951BF002DD4EE /* Main.storyboard in Resources */,
			);
			runOnlyForDeploymentPostprocessing = 0;
		};
/* End PBXResourcesBuildPhase section */

/* Begin PBXSourcesBuildPhase section */
		5D516ACB2A6951BF002DD4EE /* Sources */ = {
			isa = PBXSourcesBuildPhase;
			buildActionMask = 2147483647;
			files = (
				5DCBC7552A6A8C8F00D52C68 /* AppDelegate.swift in Sources */,
				5DCBC75B2A6A8F2A00D52C68 /* AlbumListBuilder.swift in Sources */,
				5DCBC7A92A6E9E1200D52C68 /* AlbumDetailViewController.swift in Sources */,
				5D516AD72A6951BF002DD4EE /* ViewController.swift in Sources */,
				5DCBC7572A6A8D1000D52C68 /* AppContainer.swift in Sources */,
				5DCBC74A2A6A6C0000D52C68 /* AlbumListContracts.swift in Sources */,
				5DCBC7522A6A84C100D52C68 /* AlbumPresentation.swift in Sources */,
				5DCBC7A52A6E9E1200D52C68 /* AlbumDetailBuilder.swift in Sources */,
				5DCBC7502A6A7E4200D52C68 /* AlbumListViewController.swift in Sources */,
				5DCBC7A62A6E9E1200D52C68 /* AlbumDetailContracts.swift in Sources */,
				5DCBC7A42A6E9E1200D52C68 /* AlbumDetailView.swift in Sources */,
				5DCBC7592A6A8D4800D52C68 /* AppRouter.swift in Sources */,
				5DCBC7A82A6E9E1200D52C68 /* AlbumDetailPresentation.swift in Sources */,
				5DCBC74E2A6A79BF00D52C68 /* AlbumListView.swift in Sources */,
			);
			runOnlyForDeploymentPostprocessing = 0;
		};
/* End PBXSourcesBuildPhase section */

/* Begin PBXVariantGroup section */
		5D516AD82A6951BF002DD4EE /* Main.storyboard */ = {
			isa = PBXVariantGroup;
			children = (
				5D516AD92A6951BF002DD4EE /* Base */,
			);
			name = Main.storyboard;
			sourceTree = "<group>";
		};
		5D516ADD2A6951BF002DD4EE /* LaunchScreen.storyboard */ = {
			isa = PBXVariantGroup;
			children = (
				5D516ADE2A6951BF002DD4EE /* Base */,
			);
			name = LaunchScreen.storyboard;
			sourceTree = "<group>";
		};
/* End PBXVariantGroup section */

/* Begin XCBuildConfiguration section */
		5D516AE12A6951BF002DD4EE /* Debug */ = {
			isa = XCBuildConfiguration;
			buildSettings = {
				ALWAYS_SEARCH_USER_PATHS = NO;
				CLANG_ANALYZER_NONNULL = YES;
				CLANG_ANALYZER_NUMBER_OBJECT_CONVERSION = YES_AGGRESSIVE;
				CLANG_CXX_LANGUAGE_STANDARD = "gnu++20";
				CLANG_ENABLE_MODULES = YES;
				CLANG_ENABLE_OBJC_ARC = YES;
				CLANG_ENABLE_OBJC_WEAK = YES;
				CLANG_WARN_BLOCK_CAPTURE_AUTORELEASING = YES;
				CLANG_WARN_BOOL_CONVERSION = YES;
				CLANG_WARN_COMMA = YES;
				CLANG_WARN_CONSTANT_CONVERSION = YES;
				CLANG_WARN_DEPRECATED_OBJC_IMPLEMENTATIONS = YES;
				CLANG_WARN_DIRECT_OBJC_ISA_USAGE = YES_ERROR;
				CLANG_WARN_DOCUMENTATION_COMMENTS = YES;
				CLANG_WARN_EMPTY_BODY = YES;
				CLANG_WARN_ENUM_CONVERSION = YES;
				CLANG_WARN_INFINITE_RECURSION = YES;
				CLANG_WARN_INT_CONVERSION = YES;
				CLANG_WARN_NON_LITERAL_NULL_CONVERSION = YES;
				CLANG_WARN_OBJC_IMPLICIT_RETAIN_SELF = YES;
				CLANG_WARN_OBJC_LITERAL_CONVERSION = YES;
				CLANG_WARN_OBJC_ROOT_CLASS = YES_ERROR;
				CLANG_WARN_QUOTED_INCLUDE_IN_FRAMEWORK_HEADER = YES;
				CLANG_WARN_RANGE_LOOP_ANALYSIS = YES;
				CLANG_WARN_STRICT_PROTOTYPES = YES;
				CLANG_WARN_SUSPICIOUS_MOVE = YES;
				CLANG_WARN_UNGUARDED_AVAILABILITY = YES_AGGRESSIVE;
				CLANG_WARN_UNREACHABLE_CODE = YES;
				CLANG_WARN__DUPLICATE_METHOD_MATCH = YES;
				COPY_PHASE_STRIP = NO;
				DEBUG_INFORMATION_FORMAT = dwarf;
				ENABLE_STRICT_OBJC_MSGSEND = YES;
				ENABLE_TESTABILITY = YES;
				GCC_C_LANGUAGE_STANDARD = gnu11;
				GCC_DYNAMIC_NO_PIC = NO;
				GCC_NO_COMMON_BLOCKS = YES;
				GCC_OPTIMIZATION_LEVEL = 0;
				GCC_PREPROCESSOR_DEFINITIONS = (
					"DEBUG=1",
					"$(inherited)",
				);
				GCC_WARN_64_TO_32_BIT_CONVERSION = YES;
				GCC_WARN_ABOUT_RETURN_TYPE = YES_ERROR;
				GCC_WARN_UNDECLARED_SELECTOR = YES;
				GCC_WARN_UNINITIALIZED_AUTOS = YES_AGGRESSIVE;
				GCC_WARN_UNUSED_FUNCTION = YES;
				GCC_WARN_UNUSED_VARIABLE = YES;
				IPHONEOS_DEPLOYMENT_TARGET = 16.4;
				MTL_ENABLE_DEBUG_INFO = INCLUDE_SOURCE;
				MTL_FAST_MATH = YES;
				ONLY_ACTIVE_ARCH = YES;
				SDKROOT = iphoneos;
				SWIFT_ACTIVE_COMPILATION_CONDITIONS = DEBUG;
				SWIFT_OPTIMIZATION_LEVEL = "-Onone";
			};
			name = Debug;
		};
		5D516AE22A6951BF002DD4EE /* Release */ = {
			isa = XCBuildConfiguration;
			buildSettings = {
				ALWAYS_SEARCH_USER_PATHS = NO;
				CLANG_ANALYZER_NONNULL = YES;
				CLANG_ANALYZER_NUMBER_OBJECT_CONVERSION = YES_AGGRESSIVE;
				CLANG_CXX_LANGUAGE_STANDARD = "gnu++20";
				CLANG_ENABLE_MODULES = YES;
				CLANG_ENABLE_OBJC_ARC = YES;
				CLANG_ENABLE_OBJC_WEAK = YES;
				CLANG_WARN_BLOCK_CAPTURE_AUTORELEASING = YES;
				CLANG_WARN_BOOL_CONVERSION = YES;
				CLANG_WARN_COMMA = YES;
				CLANG_WARN_CONSTANT_CONVERSION = YES;
				CLANG_WARN_DEPRECATED_OBJC_IMPLEMENTATIONS = YES;
				CLANG_WARN_DIRECT_OBJC_ISA_USAGE = YES_ERROR;
				CLANG_WARN_DOCUMENTATION_COMMENTS = YES;
				CLANG_WARN_EMPTY_BODY = YES;
				CLANG_WARN_ENUM_CONVERSION = YES;
				CLANG_WARN_INFINITE_RECURSION = YES;
				CLANG_WARN_INT_CONVERSION = YES;
				CLANG_WARN_NON_LITERAL_NULL_CONVERSION = YES;
				CLANG_WARN_OBJC_IMPLICIT_RETAIN_SELF = YES;
				CLANG_WARN_OBJC_LITERAL_CONVERSION = YES;
				CLANG_WARN_OBJC_ROOT_CLASS = YES_ERROR;
				CLANG_WARN_QUOTED_INCLUDE_IN_FRAMEWORK_HEADER = YES;
				CLANG_WARN_RANGE_LOOP_ANALYSIS = YES;
				CLANG_WARN_STRICT_PROTOTYPES = YES;
				CLANG_WARN_SUSPICIOUS_MOVE = YES;
				CLANG_WARN_UNGUARDED_AVAILABILITY = YES_AGGRESSIVE;
				CLANG_WARN_UNREACHABLE_CODE = YES;
				CLANG_WARN__DUPLICATE_METHOD_MATCH = YES;
				COPY_PHASE_STRIP = NO;
				DEBUG_INFORMATION_FORMAT = "dwarf-with-dsym";
				ENABLE_NS_ASSERTIONS = NO;
				ENABLE_STRICT_OBJC_MSGSEND = YES;
				GCC_C_LANGUAGE_STANDARD = gnu11;
				GCC_NO_COMMON_BLOCKS = YES;
				GCC_WARN_64_TO_32_BIT_CONVERSION = YES;
				GCC_WARN_ABOUT_RETURN_TYPE = YES_ERROR;
				GCC_WARN_UNDECLARED_SELECTOR = YES;
				GCC_WARN_UNINITIALIZED_AUTOS = YES_AGGRESSIVE;
				GCC_WARN_UNUSED_FUNCTION = YES;
				GCC_WARN_UNUSED_VARIABLE = YES;
				IPHONEOS_DEPLOYMENT_TARGET = 16.4;
				MTL_ENABLE_DEBUG_INFO = NO;
				MTL_FAST_MATH = YES;
				SDKROOT = iphoneos;
				SWIFT_COMPILATION_MODE = wholemodule;
				SWIFT_OPTIMIZATION_LEVEL = "-O";
				VALIDATE_PRODUCT = YES;
			};
			name = Release;
		};
		5D516AE42A6951BF002DD4EE /* Debug */ = {
			isa = XCBuildConfiguration;
			buildSettings = {
				ASSETCATALOG_COMPILER_APPICON_NAME = AppIcon;
				ASSETCATALOG_COMPILER_GLOBAL_ACCENT_COLOR_NAME = AccentColor;
				CODE_SIGN_STYLE = Automatic;
				CURRENT_PROJECT_VERSION = 1;
				GENERATE_INFOPLIST_FILE = YES;
				INFOPLIST_FILE = MovieBox/Info.plist;
				INFOPLIST_KEY_UIApplicationSupportsIndirectInputEvents = YES;
				INFOPLIST_KEY_UILaunchStoryboardName = LaunchScreen;
				INFOPLIST_KEY_UIMainStoryboardFile = "";
				INFOPLIST_KEY_UISupportedInterfaceOrientations_iPad = "UIInterfaceOrientationPortrait UIInterfaceOrientationPortraitUpsideDown UIInterfaceOrientationLandscapeLeft UIInterfaceOrientationLandscapeRight";
				INFOPLIST_KEY_UISupportedInterfaceOrientations_iPhone = "UIInterfaceOrientationPortrait UIInterfaceOrientationLandscapeLeft UIInterfaceOrientationLandscapeRight";
				IPHONEOS_DEPLOYMENT_TARGET = 13.0;
				LD_RUNPATH_SEARCH_PATHS = (
					"$(inherited)",
					"@executable_path/Frameworks",
				);
				MARKETING_VERSION = 1.0;
				PRODUCT_BUNDLE_IDENTIFIER = IremOnart.MovieBox;
				PRODUCT_NAME = "$(TARGET_NAME)";
				SUPPORTED_PLATFORMS = "iphoneos iphonesimulator";
				SUPPORTS_MACCATALYST = NO;
				SUPPORTS_MAC_DESIGNED_FOR_IPHONE_IPAD = NO;
				SWIFT_EMIT_LOC_STRINGS = YES;
				SWIFT_VERSION = 5.0;
				TARGETED_DEVICE_FAMILY = 1;
			};
			name = Debug;
		};
		5D516AE52A6951BF002DD4EE /* Release */ = {
			isa = XCBuildConfiguration;
			buildSettings = {
				ASSETCATALOG_COMPILER_APPICON_NAME = AppIcon;
				ASSETCATALOG_COMPILER_GLOBAL_ACCENT_COLOR_NAME = AccentColor;
				CODE_SIGN_STYLE = Automatic;
				CURRENT_PROJECT_VERSION = 1;
				GENERATE_INFOPLIST_FILE = YES;
				INFOPLIST_FILE = MovieBox/Info.plist;
				INFOPLIST_KEY_UIApplicationSupportsIndirectInputEvents = YES;
				INFOPLIST_KEY_UILaunchStoryboardName = LaunchScreen;
				INFOPLIST_KEY_UIMainStoryboardFile = "";
				INFOPLIST_KEY_UISupportedInterfaceOrientations_iPad = "UIInterfaceOrientationPortrait UIInterfaceOrientationPortraitUpsideDown UIInterfaceOrientationLandscapeLeft UIInterfaceOrientationLandscapeRight";
				INFOPLIST_KEY_UISupportedInterfaceOrientations_iPhone = "UIInterfaceOrientationPortrait UIInterfaceOrientationLandscapeLeft UIInterfaceOrientationLandscapeRight";
				IPHONEOS_DEPLOYMENT_TARGET = 13.0;
				LD_RUNPATH_SEARCH_PATHS = (
					"$(inherited)",
					"@executable_path/Frameworks",
				);
				MARKETING_VERSION = 1.0;
				PRODUCT_BUNDLE_IDENTIFIER = IremOnart.MovieBox;
				PRODUCT_NAME = "$(TARGET_NAME)";
				SUPPORTED_PLATFORMS = "iphoneos iphonesimulator";
				SUPPORTS_MACCATALYST = NO;
				SUPPORTS_MAC_DESIGNED_FOR_IPHONE_IPAD = NO;
				SWIFT_EMIT_LOC_STRINGS = YES;
				SWIFT_VERSION = 5.0;
				TARGETED_DEVICE_FAMILY = 1;
			};
			name = Release;
		};
/* End XCBuildConfiguration section */

/* Begin XCConfigurationList section */
		5D516ACA2A6951BF002DD4EE /* Build configuration list for PBXProject "MovieBox" */ = {
			isa = XCConfigurationList;
			buildConfigurations = (
				5D516AE12A6951BF002DD4EE /* Debug */,
				5D516AE22A6951BF002DD4EE /* Release */,
			);
			defaultConfigurationIsVisible = 0;
			defaultConfigurationName = Release;
		};
		5D516AE32A6951BF002DD4EE /* Build configuration list for PBXNativeTarget "MovieBox" */ = {
			isa = XCConfigurationList;
			buildConfigurations = (
				5D516AE42A6951BF002DD4EE /* Debug */,
				5D516AE52A6951BF002DD4EE /* Release */,
			);
			defaultConfigurationIsVisible = 0;
			defaultConfigurationName = Release;
		};
/* End XCConfigurationList section */
	};
	rootObject = 5D516AC72A6951BF002DD4EE /* Project object */;
}
